
Microsoft Visual Studio Solution File, Format Version 12.00
# Visual Studio Version 16
VisualStudioVersion = 16.0.28803.202
MinimumVisualStudioVersion = 10.0.40219.1
Project("{FAE04EC0-301F-11D3-BF4B-00C04F79EFBC}") = "MVCcountries", "MVCcountries\MVCcountries.csproj", "{83899D76-576B-470F-B51D-55F9BEACF555}"
EndProject
Global
	GlobalSection(SolutionConfigurationPlatforms) = preSolution
		Debug|Any CPU = Debug|Any CPU
		Release|Any CPU = Release|Any CPU
	EndGlobalSection
	GlobalSection(ProjectConfigurationPlatforms) = postSolution
		{83899D76-576B-470F-B51D-55F9BEACF555}.Debug|Any CPU.ActiveCfg = Debug|Any CPU
		{83899D76-576B-470F-B51D-55F9BEACF555}.Debug|Any CPU.Build.0 = Debug|Any CPU
		{83899D76-576B-470F-B51D-55F9BEACF555}.Release|Any CPU.ActiveCfg = Release|Any CPU
		{83899D76-576B-470F-B51D-55F9BEACF555}.Release|Any CPU.Build.0 = Release|Any CPU
	EndGlobalSection
	GlobalSection(SolutionProperties) = preSolution
		HideSolutionNode = FALSE
	EndGlobalSection
	GlobalSection(ExtensibilityGlobals) = postSolution
		SolutionGuid = {AE4260CA-3E50-4ABA-B6C7-7C71E7448388}
	EndGlobalSection
EndGlobal
